
Microsoft Visual Studio Solution File, Format Version 12.00
# Visual Studio 2013
VisualStudioVersion = 12.0.21005.1
MinimumVisualStudioVersion = 10.0.40219.1
Project("{FAE04EC0-301F-11D3-BF4B-00C04F79EFBC}") = "01.Customer", "01.Customer\01.Customer.csproj", "{B4898A71-6419-4E9A-A224-FD3D16631A85}"
EndProject
Project("{2150E333-8FDC-42A3-9474-1A3956D46DE8}") = "Solution Items", "Solution Items", "{0CB9CFE7-40B5-44CA-A0AC-39557F308E57}"
	ProjectSection(SolutionItems) = preProject
		7. Common-Type-System-Homework.docx = 7. Common-Type-System-Homework.docx
	EndProjectSection
EndProject
Project("{FAE04EC0-301F-11D3-BF4B-00C04F79EFBC}") = "02.StringDisperser", "02.StringDisperser\02.StringDisperser.csproj", "{C37D4687-DD80-4A4B-83B8-90A784E105EF}"
EndProject
Global
	GlobalSection(SolutionConfigurationPlatforms) = preSolution
		Debug|Any CPU = Debug|Any CPU
		Debug|Mixed Platforms = Debug|Mixed Platforms
		Debug|x86 = Debug|x86
		Release|Any CPU = Release|Any CPU
		Release|Mixed Platforms = Release|Mixed Platforms
		Release|x86 = Release|x86
	EndGlobalSection
	GlobalSection(ProjectConfigurationPlatforms) = postSolution
		{B4898A71-6419-4E9A-A224-FD3D16631A85}.Debug|Any CPU.ActiveCfg = Debug|x86
		{B4898A71-6419-4E9A-A224-FD3D16631A85}.Debug|Mixed Platforms.ActiveCfg = Debug|x86
		{B4898A71-6419-4E9A-A224-FD3D16631A85}.Debug|Mixed Platforms.Build.0 = Debug|x86
		{B4898A71-6419-4E9A-A224-FD3D16631A85}.Debug|x86.ActiveCfg = Debug|x86
		{B4898A71-6419-4E9A-A224-FD3D16631A85}.Debug|x86.Build.0 = Debug|x86
		{B4898A71-6419-4E9A-A224-FD3D16631A85}.Release|Any CPU.ActiveCfg = Release|x86
		{B4898A71-6419-4E9A-A224-FD3D16631A85}.Release|Mixed Platforms.ActiveCfg = Release|x86
		{B4898A71-6419-4E9A-A224-FD3D16631A85}.Release|Mixed Platforms.Build.0 = Release|x86
		{B4898A71-6419-4E9A-A224-FD3D16631A85}.Release|x86.ActiveCfg = Release|x86
		{B4898A71-6419-4E9A-A224-FD3D16631A85}.Release|x86.Build.0 = Release|x86
		{C37D4687-DD80-4A4B-83B8-90A784E105EF}.Debug|Any CPU.ActiveCfg = Debug|Any CPU
		{C37D4687-DD80-4A4B-83B8-90A784E105EF}.Debug|Any CPU.Build.0 = Debug|Any CPU
		{C37D4687-DD80-4A4B-83B8-90A784E105EF}.Debug|Mixed Platforms.ActiveCfg = Debug|Any CPU
		{C37D4687-DD80-4A4B-83B8-90A784E105EF}.Debug|Mixed Platforms.Build.0 = Debug|Any CPU
		{C37D4687-DD80-4A4B-83B8-90A784E105EF}.Debug|x86.ActiveCfg = Debug|Any CPU
		{C37D4687-DD80-4A4B-83B8-90A784E105EF}.Release|Any CPU.ActiveCfg = Release|Any CPU
		{C37D4687-DD80-4A4B-83B8-90A784E105EF}.Release|Any CPU.Build.0 = Release|Any CPU
		{C37D4687-DD80-4A4B-83B8-90A784E105EF}.Release|Mixed Platforms.ActiveCfg = Release|Any CPU
		{C37D4687-DD80-4A4B-83B8-90A784E105EF}.Release|Mixed Platforms.Build.0 = Release|Any CPU
		{C37D4687-DD80-4A4B-83B8-90A784E105EF}.Release|x86.ActiveCfg = Release|Any CPU
	EndGlobalSection
	GlobalSection(SolutionProperties) = preSolution
		HideSolutionNode = FALSE
	EndGlobalSection
EndGlobal
